// !$*UTF8*$!
{
	archiveVersion = 1;
	classes = {
	};
	objectVersion = 55;
	objects = {

/* Begin PBXBuildFile section */
		881BD2E528B1C36A00987EEE /* GamesView.swift in Sources */ = {isa = PBXBuildFile; fileRef = 881BD2E428B1C36A00987EEE /* GamesView.swift */; };
		881BD2EA28B1CC8C00987EEE /* Model.swift in Sources */ = {isa = PBXBuildFile; fileRef = 881BD2E928B1CC8C00987EEE /* Model.swift */; };
		882E070428DAA62A0077F075 /* ProfileView.swift in Sources */ = {isa = PBXBuildFile; fileRef = 882E070328DAA62A0077F075 /* ProfileView.swift */; };
		882E070628DAB43A0077F075 /* EditProfileView.swift in Sources */ = {isa = PBXBuildFile; fileRef = 882E070528DAB43A0077F075 /* EditProfileView.swift */; };
		885BC83D28BA716F00325CF7 /* Kingfisher in Frameworks */ = {isa = PBXBuildFile; productRef = 885BC83C28BA716F00325CF7 /* Kingfisher */; };
		885BC83F28BA7D4600325CF7 /* GameView.swift in Sources */ = {isa = PBXBuildFile; fileRef = 885BC83E28BA7D4600325CF7 /* GameView.swift */; };
		886E404D28DD44430006348F /* SaveData.swift in Sources */ = {isa = PBXBuildFile; fileRef = 886E404C28DD44430006348F /* SaveData.swift */; };
		8885BF7428D5657500E52038 /* FavoritesView.swift in Sources */ = {isa = PBXBuildFile; fileRef = 8885BF7328D5657500E52038 /* FavoritesView.swift */; };
		88A76C1828B5B8D500444CE4 /* ViewModel.swift in Sources */ = {isa = PBXBuildFile; fileRef = 88A76C1728B5B8D500444CE4 /* ViewModel.swift */; };
		88BB267128A8563A00E005E5 /* HomeView.swift in Sources */ = {isa = PBXBuildFile; fileRef = 88BB267028A8563A00E005E5 /* HomeView.swift */; };
		88C4551128D0110300CEA756 /* Search.swift in Sources */ = {isa = PBXBuildFile; fileRef = 88C4551028D0110300CEA756 /* Search.swift */; };
		88DAE60F28A1E6D90086406A /* GameStreamApp.swift in Sources */ = {isa = PBXBuildFile; fileRef = 88DAE60E28A1E6D90086406A /* GameStreamApp.swift */; };
		88DAE61128A1E6D90086406A /* ContentView.swift in Sources */ = {isa = PBXBuildFile; fileRef = 88DAE61028A1E6D90086406A /* ContentView.swift */; };
		88DAE61328A1E6DC0086406A /* Assets.xcassets in Resources */ = {isa = PBXBuildFile; fileRef = 88DAE61228A1E6DC0086406A /* Assets.xcassets */; };
		88DAE61628A1E6DC0086406A /* Preview Assets.xcassets in Resources */ = {isa = PBXBuildFile; fileRef = 88DAE61528A1E6DC0086406A /* Preview Assets.xcassets */; };
/* End PBXBuildFile section */

/* Begin PBXFileReference section */
		881BD2E428B1C36A00987EEE /* GamesView.swift */ = {isa = PBXFileReference; lastKnownFileType = sourcecode.swift; path = GamesView.swift; sourceTree = "<group>"; };
		881BD2E928B1CC8C00987EEE /* Model.swift */ = {isa = PBXFileReference; lastKnownFileType = sourcecode.swift; path = Model.swift; sourceTree = "<group>"; };
		882E070328DAA62A0077F075 /* ProfileView.swift */ = {isa = PBXFileReference; lastKnownFileType = sourcecode.swift; path = ProfileView.swift; sourceTree = "<group>"; };
		882E070528DAB43A0077F075 /* EditProfileView.swift */ = {isa = PBXFileReference; lastKnownFileType = sourcecode.swift; path = EditProfileView.swift; sourceTree = "<group>"; };
		885BC83E28BA7D4600325CF7 /* GameView.swift */ = {isa = PBXFileReference; lastKnownFileType = sourcecode.swift; path = GameView.swift; sourceTree = "<group>"; };
		886E404C28DD44430006348F /* SaveData.swift */ = {isa = PBXFileReference; lastKnownFileType = sourcecode.swift; path = SaveData.swift; sourceTree = "<group>"; };
		8885BF7328D5657500E52038 /* FavoritesView.swift */ = {isa = PBXFileReference; lastKnownFileType = sourcecode.swift; path = FavoritesView.swift; sourceTree = "<group>"; };
		88A76C1728B5B8D500444CE4 /* ViewModel.swift */ = {isa = PBXFileReference; lastKnownFileType = sourcecode.swift; path = ViewModel.swift; sourceTree = "<group>"; };
		88BB267028A8563A00E005E5 /* HomeView.swift */ = {isa = PBXFileReference; lastKnownFileType = sourcecode.swift; path = HomeView.swift; sourceTree = "<group>"; };
		88C4551028D0110300CEA756 /* Search.swift */ = {isa = PBXFileReference; lastKnownFileType = sourcecode.swift; path = Search.swift; sourceTree = "<group>"; };
		88DAE60B28A1E6D90086406A /* GameStream.app */ = {isa = PBXFileReference; explicitFileType = wrapper.application; includeInIndex = 0; path = GameStream.app; sourceTree = BUILT_PRODUCTS_DIR; };
		88DAE60E28A1E6D90086406A /* GameStreamApp.swift */ = {isa = PBXFileReference; lastKnownFileType = sourcecode.swift; path = GameStreamApp.swift; sourceTree = "<group>"; };
		88DAE61028A1E6D90086406A /* ContentView.swift */ = {isa = PBXFileReference; lastKnownFileType = sourcecode.swift; path = ContentView.swift; sourceTree = "<group>"; };
		88DAE61228A1E6DC0086406A /* Assets.xcassets */ = {isa = PBXFileReference; lastKnownFileType = folder.assetcatalog; path = Assets.xcassets; sourceTree = "<group>"; };
		88DAE61528A1E6DC0086406A /* Preview Assets.xcassets */ = {isa = PBXFileReference; lastKnownFileType = folder.assetcatalog; path = "Preview Assets.xcassets"; sourceTree = "<group>"; };
/* End PBXFileReference section */

/* Begin PBXFrameworksBuildPhase section */
		88DAE60828A1E6D90086406A /* Frameworks */ = {
			isa = PBXFrameworksBuildPhase;
			buildActionMask = 2147483647;
			files = (
				885BC83D28BA716F00325CF7 /* Kingfisher in Frameworks */,
			);
			runOnlyForDeploymentPostprocessing = 0;
		};
/* End PBXFrameworksBuildPhase section */

/* Begin PBXGroup section */
		881BD2E628B1C3FE00987EEE /* View */ = {
			isa = PBXGroup;
			children = (
				88DAE60E28A1E6D90086406A /* GameStreamApp.swift */,
				88DAE61028A1E6D90086406A /* ContentView.swift */,
				88BB267028A8563A00E005E5 /* HomeView.swift */,
				881BD2E428B1C36A00987EEE /* GamesView.swift */,
				885BC83E28BA7D4600325CF7 /* GameView.swift */,
				8885BF7328D5657500E52038 /* FavoritesView.swift */,
				882E070328DAA62A0077F075 /* ProfileView.swift */,
				882E070528DAB43A0077F075 /* EditProfileView.swift */,
			);
			path = View;
			sourceTree = "<group>";
		};
		881BD2E728B1C40800987EEE /* Model */ = {
			isa = PBXGroup;
			children = (
				881BD2E928B1CC8C00987EEE /* Model.swift */,
				886E404C28DD44430006348F /* SaveData.swift */,
			);
			path = Model;
			sourceTree = "<group>";
		};
		881BD2E828B1C41200987EEE /* ViewModel */ = {
			isa = PBXGroup;
			children = (
				88A76C1728B5B8D500444CE4 /* ViewModel.swift */,
				88C4551028D0110300CEA756 /* Search.swift */,
			);
			path = ViewModel;
			sourceTree = "<group>";
		};
		88DAE60228A1E6D90086406A = {
			isa = PBXGroup;
			children = (
				88DAE60D28A1E6D90086406A /* GameStream */,
				88DAE60C28A1E6D90086406A /* Products */,
			);
			sourceTree = "<group>";
		};
		88DAE60C28A1E6D90086406A /* Products */ = {
			isa = PBXGroup;
			children = (
				88DAE60B28A1E6D90086406A /* GameStream.app */,
			);
			name = Products;
			sourceTree = "<group>";
		};
		88DAE60D28A1E6D90086406A /* GameStream */ = {
			isa = PBXGroup;
			children = (
				881BD2E828B1C41200987EEE /* ViewModel */,
				881BD2E728B1C40800987EEE /* Model */,
				881BD2E628B1C3FE00987EEE /* View */,
				88DAE61228A1E6DC0086406A /* Assets.xcassets */,
				88DAE61428A1E6DC0086406A /* Preview Content */,
			);
			path = GameStream;
			sourceTree = "<group>";
		};
		88DAE61428A1E6DC0086406A /* Preview Content */ = {
			isa = PBXGroup;
			children = (
				88DAE61528A1E6DC0086406A /* Preview Assets.xcassets */,
			);
			path = "Preview Content";
			sourceTree = "<group>";
		};
/* End PBXGroup section */

/* Begin PBXNativeTarget section */
		88DAE60A28A1E6D90086406A /* GameStream */ = {
			isa = PBXNativeTarget;
			buildConfigurationList = 88DAE61928A1E6DC0086406A /* Build configuration list for PBXNativeTarget "GameStream" */;
			buildPhases = (
				88DAE60728A1E6D90086406A /* Sources */,
				88DAE60828A1E6D90086406A /* Frameworks */,
				88DAE60928A1E6D90086406A /* Resources */,
			);
			buildRules = (
			);
			dependencies = (
			);
			name = GameStream;
			packageProductDependencies = (
				885BC83C28BA716F00325CF7 /* Kingfisher */,
			);
			productName = GameStream;
			productReference = 88DAE60B28A1E6D90086406A /* GameStream.app */;
			productType = "com.apple.product-type.application";
		};
/* End PBXNativeTarget section */

/* Begin PBXProject section */
		88DAE60328A1E6D90086406A /* Project object */ = {
			isa = PBXProject;
			attributes = {
				BuildIndependentTargetsInParallel = 1;
				LastSwiftUpdateCheck = 1320;
				LastUpgradeCheck = 1320;
				TargetAttributes = {
					88DAE60A28A1E6D90086406A = {
						CreatedOnToolsVersion = 13.2.1;
					};
				};
			};
			buildConfigurationList = 88DAE60628A1E6D90086406A /* Build configuration list for PBXProject "GameStream" */;
			compatibilityVersion = "Xcode 13.0";
			developmentRegion = en;
			hasScannedForEncodings = 0;
			knownRegions = (
				en,
				Base,
			);
			mainGroup = 88DAE60228A1E6D90086406A;
			packageReferences = (
				885BC83B28BA716F00325CF7 /* XCRemoteSwiftPackageReference "Kingfisher" */,
			);
			productRefGroup = 88DAE60C28A1E6D90086406A /* Products */;
			projectDirPath = "";
			projectRoot = "";
			targets = (
				88DAE60A28A1E6D90086406A /* GameStream */,
			);
		};
/* End PBXProject section */

/* Begin PBXResourcesBuildPhase section */
		88DAE60928A1E6D90086406A /* Resources */ = {
			isa = PBXResourcesBuildPhase;
			buildActionMask = 2147483647;
			files = (
				88DAE61628A1E6DC0086406A /* Preview Assets.xcassets in Resources */,
				88DAE61328A1E6DC0086406A /* Assets.xcassets in Resources */,
			);
			runOnlyForDeploymentPostprocessing = 0;
		};
/* End PBXResourcesBuildPhase section */

/* Begin PBXSourcesBuildPhase section */
		88DAE60728A1E6D90086406A /* Sources */ = {
			isa = PBXSourcesBuildPhase;
			buildActionMask = 2147483647;
			files = (
				881BD2EA28B1CC8C00987EEE /* Model.swift in Sources */,
				88BB267128A8563A00E005E5 /* HomeView.swift in Sources */,
				886E404D28DD44430006348F /* SaveData.swift in Sources */,
				882E070428DAA62A0077F075 /* ProfileView.swift in Sources */,
				882E070628DAB43A0077F075 /* EditProfileView.swift in Sources */,
				88DAE61128A1E6D90086406A /* ContentView.swift in Sources */,
				881BD2E528B1C36A00987EEE /* GamesView.swift in Sources */,
				88A76C1828B5B8D500444CE4 /* ViewModel.swift in Sources */,
				88C4551128D0110300CEA756 /* Search.swift in Sources */,
				88DAE60F28A1E6D90086406A /* GameStreamApp.swift in Sources */,
				885BC83F28BA7D4600325CF7 /* GameView.swift in Sources */,
				8885BF7428D5657500E52038 /* FavoritesView.swift in Sources */,
			);
			runOnlyForDeploymentPostprocessing = 0;
		};
/* End PBXSourcesBuildPhase section */

/* Begin XCBuildConfiguration section */
		88DAE61728A1E6DC0086406A /* Debug */ = {
			isa = XCBuildConfiguration;
			buildSettings = {
				ALWAYS_SEARCH_USER_PATHS = NO;
				CLANG_ANALYZER_NONNULL = YES;
				CLANG_ANALYZER_NUMBER_OBJECT_CONVERSION = YES_AGGRESSIVE;
				CLANG_CXX_LANGUAGE_STANDARD = "gnu++17";
				CLANG_CXX_LIBRARY = "libc++";
				CLANG_ENABLE_MODULES = YES;
				CLANG_ENABLE_OBJC_ARC = YES;
				CLANG_ENABLE_OBJC_WEAK = YES;
				CLANG_WARN_BLOCK_CAPTURE_AUTORELEASING = YES;
				CLANG_WARN_BOOL_CONVERSION = YES;
				CLANG_WARN_COMMA = YES;
				CLANG_WARN_CONSTANT_CONVERSION = YES;
				CLANG_WARN_DEPRECATED_OBJC_IMPLEMENTATIONS = YES;
				CLANG_WARN_DIRECT_OBJC_ISA_USAGE = YES_ERROR;
				CLANG_WARN_DOCUMENTATION_COMMENTS = YES;
				CLANG_WARN_EMPTY_BODY = YES;
				CLANG_WARN_ENUM_CONVERSION = YES;
				CLANG_WARN_INFINITE_RECURSION = YES;
				CLANG_WARN_INT_CONVERSION = YES;
				CLANG_WARN_NON_LITERAL_NULL_CONVERSION = YES;
				CLANG_WARN_OBJC_IMPLICIT_RETAIN_SELF = YES;
				CLANG_WARN_OBJC_LITERAL_CONVERSION = YES;
				CLANG_WARN_OBJC_ROOT_CLASS = YES_ERROR;
				CLANG_WARN_QUOTED_INCLUDE_IN_FRAMEWORK_HEADER = YES;
				CLANG_WARN_RANGE_LOOP_ANALYSIS = YES;
				CLANG_WARN_STRICT_PROTOTYPES = YES;
				CLANG_WARN_SUSPICIOUS_MOVE = YES;
				CLANG_WARN_UNGUARDED_AVAILABILITY = YES_AGGRESSIVE;
				CLANG_WARN_UNREACHABLE_CODE = YES;
				CLANG_WARN__DUPLICATE_METHOD_MATCH = YES;
				COPY_PHASE_STRIP = NO;
				DEBUG_INFORMATION_FORMAT = dwarf;
				ENABLE_STRICT_OBJC_MSGSEND = YES;
				ENABLE_TESTABILITY = YES;
				GCC_C_LANGUAGE_STANDARD = gnu11;
				GCC_DYNAMIC_NO_PIC = NO;
				GCC_NO_COMMON_BLOCKS = YES;
				GCC_OPTIMIZATION_LEVEL = 0;
				GCC_PREPROCESSOR_DEFINITIONS = (
					"DEBUG=1",
					"$(inherited)",
				);
				GCC_WARN_64_TO_32_BIT_CONVERSION = YES;
				GCC_WARN_ABOUT_RETURN_TYPE = YES_ERROR;
				GCC_WARN_UNDECLARED_SELECTOR = YES;
				GCC_WARN_UNINITIALIZED_AUTOS = YES_AGGRESSIVE;
				GCC_WARN_UNUSED_FUNCTION = YES;
				GCC_WARN_UNUSED_VARIABLE = YES;
				IPHONEOS_DEPLOYMENT_TARGET = 15.2;
				MTL_ENABLE_DEBUG_INFO = INCLUDE_SOURCE;
				MTL_FAST_MATH = YES;
				ONLY_ACTIVE_ARCH = YES;
				SDKROOT = iphoneos;
				SWIFT_ACTIVE_COMPILATION_CONDITIONS = DEBUG;
				SWIFT_OPTIMIZATION_LEVEL = "-Onone";
			};
			name = Debug;
		};
		88DAE61828A1E6DC0086406A /* Release */ = {
			isa = XCBuildConfiguration;
			buildSettings = {
				ALWAYS_SEARCH_USER_PATHS = NO;
				CLANG_ANALYZER_NONNULL = YES;
				CLANG_ANALYZER_NUMBER_OBJECT_CONVERSION = YES_AGGRESSIVE;
				CLANG_CXX_LANGUAGE_STANDARD = "gnu++17";
				CLANG_CXX_LIBRARY = "libc++";
				CLANG_ENABLE_MODULES = YES;
				CLANG_ENABLE_OBJC_ARC = YES;
				CLANG_ENABLE_OBJC_WEAK = YES;
				CLANG_WARN_BLOCK_CAPTURE_AUTORELEASING = YES;
				CLANG_WARN_BOOL_CONVERSION = YES;
				CLANG_WARN_COMMA = YES;
				CLANG_WARN_CONSTANT_CONVERSION = YES;
				CLANG_WARN_DEPRECATED_OBJC_IMPLEMENTATIONS = YES;
				CLANG_WARN_DIRECT_OBJC_ISA_USAGE = YES_ERROR;
				CLANG_WARN_DOCUMENTATION_COMMENTS = YES;
				CLANG_WARN_EMPTY_BODY = YES;
				CLANG_WARN_ENUM_CONVERSION = YES;
				CLANG_WARN_INFINITE_RECURSION = YES;
				CLANG_WARN_INT_CONVERSION = YES;
				CLANG_WARN_NON_LITERAL_NULL_CONVERSION = YES;
				CLANG_WARN_OBJC_IMPLICIT_RETAIN_SELF = YES;
				CLANG_WARN_OBJC_LITERAL_CONVERSION = YES;
				CLANG_WARN_OBJC_ROOT_CLASS = YES_ERROR;
				CLANG_WARN_QUOTED_INCLUDE_IN_FRAMEWORK_HEADER = YES;
				CLANG_WARN_RANGE_LOOP_ANALYSIS = YES;
				CLANG_WARN_STRICT_PROTOTYPES = YES;
				CLANG_WARN_SUSPICIOUS_MOVE = YES;
				CLANG_WARN_UNGUARDED_AVAILABILITY = YES_AGGRESSIVE;
				CLANG_WARN_UNREACHABLE_CODE = YES;
				CLANG_WARN__DUPLICATE_METHOD_MATCH = YES;
				COPY_PHASE_STRIP = NO;
				DEBUG_INFORMATION_FORMAT = "dwarf-with-dsym";
				ENABLE_NS_ASSERTIONS = NO;
				ENABLE_STRICT_OBJC_MSGSEND = YES;
				GCC_C_LANGUAGE_STANDARD = gnu11;
				GCC_NO_COMMON_BLOCKS = YES;
				GCC_WARN_64_TO_32_BIT_CONVERSION = YES;
				GCC_WARN_ABOUT_RETURN_TYPE = YES_ERROR;
				GCC_WARN_UNDECLARED_SELECTOR = YES;
				GCC_WARN_UNINITIALIZED_AUTOS = YES_AGGRESSIVE;
				GCC_WARN_UNUSED_FUNCTION = YES;
				GCC_WARN_UNUSED_VARIABLE = YES;
				IPHONEOS_DEPLOYMENT_TARGET = 15.2;
				MTL_ENABLE_DEBUG_INFO = NO;
				MTL_FAST_MATH = YES;
				SDKROOT = iphoneos;
				SWIFT_COMPILATION_MODE = wholemodule;
				SWIFT_OPTIMIZATION_LEVEL = "-O";
				VALIDATE_PRODUCT = YES;
			};
			name = Release;
		};
		88DAE61A28A1E6DC0086406A /* Debug */ = {
			isa = XCBuildConfiguration;
			buildSettings = {
				ASSETCATALOG_COMPILER_APPICON_NAME = AppIcon;
				ASSETCATALOG_COMPILER_GLOBAL_ACCENT_COLOR_NAME = AccentColor;
				CODE_SIGN_STYLE = Automatic;
				CURRENT_PROJECT_VERSION = 1;
				DEVELOPMENT_ASSET_PATHS = "\"GameStream/Preview Content\"";
				DEVELOPMENT_TEAM = 5YC7A59ZMG;
				ENABLE_PREVIEWS = YES;
				GENERATE_INFOPLIST_FILE = YES;
				INFOPLIST_KEY_UIApplicationSceneManifest_Generation = YES;
				INFOPLIST_KEY_UIApplicationSupportsIndirectInputEvents = YES;
				INFOPLIST_KEY_UILaunchScreen_Generation = YES;
				INFOPLIST_KEY_UISupportedInterfaceOrientations_iPad = "UIInterfaceOrientationPortrait UIInterfaceOrientationPortraitUpsideDown UIInterfaceOrientationLandscapeLeft UIInterfaceOrientationLandscapeRight";
				INFOPLIST_KEY_UISupportedInterfaceOrientations_iPhone = "UIInterfaceOrientationPortrait UIInterfaceOrientationLandscapeLeft UIInterfaceOrientationLandscapeRight";
				LD_RUNPATH_SEARCH_PATHS = (
					"$(inherited)",
					"@executable_path/Frameworks",
				);
				MARKETING_VERSION = 1.0;
				PRODUCT_BUNDLE_IDENTIFIER = ejemplo.GameStream;
				PRODUCT_NAME = "$(TARGET_NAME)";
				SWIFT_EMIT_LOC_STRINGS = YES;
				SWIFT_VERSION = 5.0;
				TARGETED_DEVICE_FAMILY = "1,2";
			};
			name = Debug;
		};
		88DAE61B28A1E6DC0086406A /* Release */ = {
			isa = XCBuildConfiguration;
			buildSettings = {
				ASSETCATALOG_COMPILER_APPICON_NAME = AppIcon;
				ASSETCATALOG_COMPILER_GLOBAL_ACCENT_COLOR_NAME = AccentColor;
				CODE_SIGN_STYLE = Automatic;
				CURRENT_PROJECT_VERSION = 1;
				DEVELOPMENT_ASSET_PATHS = "\"GameStream/Preview Content\"";
				DEVELOPMENT_TEAM = 5YC7A59ZMG;
				ENABLE_PREVIEWS = YES;
				GENERATE_INFOPLIST_FILE = YES;
				INFOPLIST_KEY_UIApplicationSceneManifest_Generation = YES;
				INFOPLIST_KEY_UIApplicationSupportsIndirectInputEvents = YES;
				INFOPLIST_KEY_UILaunchScreen_Generation = YES;
				INFOPLIST_KEY_UISupportedInterfaceOrientations_iPad = "UIInterfaceOrientationPortrait UIInterfaceOrientationPortraitUpsideDown UIInterfaceOrientationLandscapeLeft UIInterfaceOrientationLandscapeRight";
				INFOPLIST_KEY_UISupportedInterfaceOrientations_iPhone = "UIInterfaceOrientationPortrait UIInterfaceOrientationLandscapeLeft UIInterfaceOrientationLandscapeRight";
				LD_RUNPATH_SEARCH_PATHS = (
					"$(inherited)",
					"@executable_path/Frameworks",
				);
				MARKETING_VERSION = 1.0;
				PRODUCT_BUNDLE_IDENTIFIER = ejemplo.GameStream;
				PRODUCT_NAME = "$(TARGET_NAME)";
				SWIFT_EMIT_LOC_STRINGS = YES;
				SWIFT_VERSION = 5.0;
				TARGETED_DEVICE_FAMILY = "1,2";
			};
			name = Release;
		};
/* End XCBuildConfiguration section */

/* Begin XCConfigurationList section */
		88DAE60628A1E6D90086406A /* Build configuration list for PBXProject "GameStream" */ = {
			isa = XCConfigurationList;
			buildConfigurations = (
				88DAE61728A1E6DC0086406A /* Debug */,
				88DAE61828A1E6DC0086406A /* Release */,
			);
			defaultConfigurationIsVisible = 0;
			defaultConfigurationName = Release;
		};
		88DAE61928A1E6DC0086406A /* Build configuration list for PBXNativeTarget "GameStream" */ = {
			isa = XCConfigurationList;
			buildConfigurations = (
				88DAE61A28A1E6DC0086406A /* Debug */,
				88DAE61B28A1E6DC0086406A /* Release */,
			);
			defaultConfigurationIsVisible = 0;
			defaultConfigurationName = Release;
		};
/* End XCConfigurationList section */

/* Begin XCRemoteSwiftPackageReference section */
		885BC83B28BA716F00325CF7 /* XCRemoteSwiftPackageReference "Kingfisher" */ = {
			isa = XCRemoteSwiftPackageReference;
			repositoryURL = "https://github.com/onevcat/Kingfisher.git";
			requirement = {
				kind = upToNextMajorVersion;
				minimumVersion = 7.0.0;
			};
		};
/* End XCRemoteSwiftPackageReference section */

/* Begin XCSwiftPackageProductDependency section */
		885BC83C28BA716F00325CF7 /* Kingfisher */ = {
			isa = XCSwiftPackageProductDependency;
			package = 885BC83B28BA716F00325CF7 /* XCRemoteSwiftPackageReference "Kingfisher" */;
			productName = Kingfisher;
		};
/* End XCSwiftPackageProductDependency section */
	};
	rootObject = 88DAE60328A1E6D90086406A /* Project object */;
}
